# This file is generated by running "yarn install" inside your project.
# Manual changes might be lost - proceed with caution!

__metadata:
  version: 10
  cacheKey: 10c0

"@playwright/test@npm:^1.51.1":
  version: 1.63.0
  resolution: "@playwright/test@npm:1.63.0"
  dependencies:
    playwright: "npm:1.63.0"
  bin:
    playwright: cli.js
  checksum: 10c0/795cd06c2eb6cb6142e72792f4df8f97665aa8c551c16278a7f2b3f31664e0cff07ed3c066490da55daf2fe51bc18e9c1ec6cba05b2c37387a0c49ad63017db8
  languageName: node
  linkType: hard

"e2e@workspace:.":
  version: 0.0.0-use.local
  resolution: "e2e@workspace:."
  dependencies:
    "@playwright/test": "npm:^1.51.1"
    typescript: "npm:^5.8.2"
  languageName: unknown
  linkType: soft

"playwright-core@npm:1.63.0":
  version: 1.63.0
  resolution: "playwright-core@npm:1.63.0"
  bin:
    playwright-core: cli.js
  checksum: 10c0/39c1ebae4029ca2e9371e00a5588d962038e24b6e0bdb7d0d27374dde04838f349b83ae0c8b3b648653d0935cba7fb9011f1201adaab9dd0db7801ad6c75e9aa
  languageName: node
  linkType: hard

"playwright@npm:1.63.0":
  version: 1.63.0
  resolution: "playwright@npm:1.63.0"
  dependencies:
    playwright-core: "npm:1.63.0"
  bin:
    playwright: cli.js
  checksum: 10c0/d1fd048a89be27c9aba6757dc4f70eff4a5163b49f439ad691767be8b2a482327d0dd1928b4f73c8fe0d8b33aab2c9dc2670424ab60f112d9e98e91b94e3b090
  languageName: node
  linkType: hard

"typescript@npm:^5.8.2":
  version: 5.9.3
  resolution: "typescript@npm:5.9.3"
  bin:
    tsc: bin/tsc
    tsserver: bin/tsserver
  checksum: 10c0/6bd7552ce39f97e711db5aa048f6f9995b53f1c52f7d8667c1abdc1700c68a76a308f579cd309ce6b53646deb4e9a1be7c813a93baaf0a28ccd536a30270e1c5
  languageName: node
  linkType: hard

"typescript@patch:typescript@npm%3A^5.8.2#optional!builtin<compat/typescript>":
  version: 5.9.3
  resolution: "typescript@patch:typescript@npm%3A5.9.3#optional!builtin<compat/typescript>::version=5.9.3&hash=5786d5"
  bin:
    tsc: bin/tsc
    tsserver: bin/tsserver
  checksum: 10c0/ad09fdf7a756814dce65bc60c1657b40d44451346858eea230e10f2e95a289d9183b6e32e5c11e95acc0ccc214b4f36289dcad4bf1886b0adb84d711d336a430
  languageName: node
  linkType: hard
